
Microsoft Visual Studio Solution File, Format Version 12.00
# Visual Studio 15
VisualStudioVersion = 15.0.26403.3
MinimumVisualStudioVersion = 10.0.40219.1
Project("{2150E333-8FDC-42A3-9474-1A3956D46DE8}") = "Tests", "Tests", "{469F8336-09B3-45FA-9F0F-524B22A05109}"
EndProject
Project("{9A19103F-16F7-4668-BE54-9A1E7A4F7556}") = "TrackMyKid.Common.Tests", "TrackMyKid.Common.Tests\TrackMyKid.Common.Tests.csproj", "{3C54B9EC-0986-4CF3-9016-279FE145D4EB}"
EndProject
Project("{9A19103F-16F7-4668-BE54-9A1E7A4F7556}") = "TrackMyKid.Data.SqlServer.IntegrationTests", "TrackMyKid.Data.SqlServer.IntegrationTests\TrackMyKid.Data.SqlServer.IntegrationTests.csproj", "{435ACA4A-3197-406F-8A6E-6437DFE7E3D3}"
EndProject
Project("{9A19103F-16F7-4668-BE54-9A1E7A4F7556}") = "TrackMyKid.Data.Tests", "TrackMyKid.Data.Tests\TrackMyKid.Data.Tests.csproj", "{8DFDDF6B-C122-4E4F-AE62-2E4FADE25CED}"
EndProject
Project("{9A19103F-16F7-4668-BE54-9A1E7A4F7556}") = "TrackMyKid.Web.Api.IntegrationTests", "TrackMyKid.Web.Api.IntegrationTests\TrackMyKid.Web.Api.IntegrationTests.csproj", "{DC42AA2C-5D8C-41EE-8017-3C46DC1B28EC}"
EndProject
Project("{9A19103F-16F7-4668-BE54-9A1E7A4F7556}") = "TrackMyKid.Web.Api.Tests", "TrackMyKid.Web.Api.Tests\TrackMyKid.Web.Api.Tests.csproj", "{98C4E90C-3FBA-409E-8334-73448FAB1D23}"
EndProject
Project("{9A19103F-16F7-4668-BE54-9A1E7A4F7556}") = "TrackMyKid.Web.Common.Tests", "TrackMyKid.Web.Common.Tests\TrackMyKid.Web.Common.Tests.csproj", "{407F9B68-A492-4126-A7B0-F5C53DB7B2A1}"
EndProject
Project("{FAE04EC0-301F-11D3-BF4B-00C04F79EFBC}") = "TrackMyKid.Web.Api", "TrackMyKid.Web.Api\TrackMyKid.Web.Api.csproj", "{F881E32F-6354-4372-AE04-168CDC52E2EE}"
EndProject
Project("{00D1A9C2-B5F0-4AF3-8072-F6C62B433612}") = "TrackMyKidDb", "TrackMyKidDb\TrackMyKidDb.sqlproj", "{87D494A7-1300-40B6-9574-A217258BA975}"
EndProject
Project("{FAE04EC0-301F-11D3-BF4B-00C04F79EFBC}") = "TrackMyKid.Common", "TrackMyKid.Common\TrackMyKid.Common.csproj", "{D1721362-DB30-4AC3-A9EB-230A36A14690}"
EndProject
Project("{2150E333-8FDC-42A3-9474-1A3956D46DE8}") = "Scripts", "Scripts", "{2D9171BA-AC57-4E2F-A3D5-48F941A1D03B}"
	ProjectSection(SolutionItems) = preProject
		Script\000_TableDropScript.sql = Script\000_TableDropScript.sql
		Script\001_SchemaAndTables.sql = Script\001_SchemaAndTables.sql
		Script\002_TableData.sql = Script\002_TableData.sql
	EndProjectSection
EndProject
Project("{FAE04EC0-301F-11D3-BF4B-00C04F79EFBC}") = "TrackMyKid.DataLayer", "TrackMyKid.DataLayer\TrackMyKid.DataLayer.csproj", "{B4DD0F17-EE35-4284-BCCD-F3E4F25DD0A2}"
EndProject
Project("{FAE04EC0-301F-11D3-BF4B-00C04F79EFBC}") = "TestProject", "TestProject\TestProject.csproj", "{695AE629-76BB-4740-AF0E-624437B07952}"
EndProject
Global
	GlobalSection(SolutionConfigurationPlatforms) = preSolution
		Debug|Any CPU = Debug|Any CPU
		Release|Any CPU = Release|Any CPU
	EndGlobalSection
	GlobalSection(ProjectConfigurationPlatforms) = postSolution
		{3C54B9EC-0986-4CF3-9016-279FE145D4EB}.Debug|Any CPU.ActiveCfg = Debug|Any CPU
		{3C54B9EC-0986-4CF3-9016-279FE145D4EB}.Debug|Any CPU.Build.0 = Debug|Any CPU
		{3C54B9EC-0986-4CF3-9016-279FE145D4EB}.Release|Any CPU.ActiveCfg = Release|Any CPU
		{3C54B9EC-0986-4CF3-9016-279FE145D4EB}.Release|Any CPU.Build.0 = Release|Any CPU
		{435ACA4A-3197-406F-8A6E-6437DFE7E3D3}.Debug|Any CPU.ActiveCfg = Debug|Any CPU
		{435ACA4A-3197-406F-8A6E-6437DFE7E3D3}.Debug|Any CPU.Build.0 = Debug|Any CPU
		{435ACA4A-3197-406F-8A6E-6437DFE7E3D3}.Release|Any CPU.ActiveCfg = Release|Any CPU
		{435ACA4A-3197-406F-8A6E-6437DFE7E3D3}.Release|Any CPU.Build.0 = Release|Any CPU
		{8DFDDF6B-C122-4E4F-AE62-2E4FADE25CED}.Debug|Any CPU.ActiveCfg = Debug|Any CPU
		{8DFDDF6B-C122-4E4F-AE62-2E4FADE25CED}.Debug|Any CPU.Build.0 = Debug|Any CPU
		{8DFDDF6B-C122-4E4F-AE62-2E4FADE25CED}.Release|Any CPU.ActiveCfg = Release|Any CPU
		{8DFDDF6B-C122-4E4F-AE62-2E4FADE25CED}.Release|Any CPU.Build.0 = Release|Any CPU
		{DC42AA2C-5D8C-41EE-8017-3C46DC1B28EC}.Debug|Any CPU.ActiveCfg = Debug|Any CPU
		{DC42AA2C-5D8C-41EE-8017-3C46DC1B28EC}.Debug|Any CPU.Build.0 = Debug|Any CPU
		{DC42AA2C-5D8C-41EE-8017-3C46DC1B28EC}.Release|Any CPU.ActiveCfg = Release|Any CPU
		{DC42AA2C-5D8C-41EE-8017-3C46DC1B28EC}.Release|Any CPU.Build.0 = Release|Any CPU
		{98C4E90C-3FBA-409E-8334-73448FAB1D23}.Debug|Any CPU.ActiveCfg = Debug|Any CPU
		{98C4E90C-3FBA-409E-8334-73448FAB1D23}.Debug|Any CPU.Build.0 = Debug|Any CPU
		{98C4E90C-3FBA-409E-8334-73448FAB1D23}.Release|Any CPU.ActiveCfg = Release|Any CPU
		{98C4E90C-3FBA-409E-8334-73448FAB1D23}.Release|Any CPU.Build.0 = Release|Any CPU
		{407F9B68-A492-4126-A7B0-F5C53DB7B2A1}.Debug|Any CPU.ActiveCfg = Debug|Any CPU
		{407F9B68-A492-4126-A7B0-F5C53DB7B2A1}.Debug|Any CPU.Build.0 = Debug|Any CPU
		{407F9B68-A492-4126-A7B0-F5C53DB7B2A1}.Release|Any CPU.ActiveCfg = Release|Any CPU
		{407F9B68-A492-4126-A7B0-F5C53DB7B2A1}.Release|Any CPU.Build.0 = Release|Any CPU
		{F881E32F-6354-4372-AE04-168CDC52E2EE}.Debug|Any CPU.ActiveCfg = Debug|Any CPU
		{F881E32F-6354-4372-AE04-168CDC52E2EE}.Debug|Any CPU.Build.0 = Debug|Any CPU
		{F881E32F-6354-4372-AE04-168CDC52E2EE}.Release|Any CPU.ActiveCfg = Release|Any CPU
		{F881E32F-6354-4372-AE04-168CDC52E2EE}.Release|Any CPU.Build.0 = Release|Any CPU
		{87D494A7-1300-40B6-9574-A217258BA975}.Debug|Any CPU.ActiveCfg = Debug|Any CPU
		{87D494A7-1300-40B6-9574-A217258BA975}.Debug|Any CPU.Build.0 = Debug|Any CPU
		{87D494A7-1300-40B6-9574-A217258BA975}.Debug|Any CPU.Deploy.0 = Debug|Any CPU
		{87D494A7-1300-40B6-9574-A217258BA975}.Release|Any CPU.ActiveCfg = Release|Any CPU
		{87D494A7-1300-40B6-9574-A217258BA975}.Release|Any CPU.Build.0 = Release|Any CPU
		{87D494A7-1300-40B6-9574-A217258BA975}.Release|Any CPU.Deploy.0 = Release|Any CPU
		{D1721362-DB30-4AC3-A9EB-230A36A14690}.Debug|Any CPU.ActiveCfg = Debug|Any CPU
		{D1721362-DB30-4AC3-A9EB-230A36A14690}.Debug|Any CPU.Build.0 = Debug|Any CPU
		{D1721362-DB30-4AC3-A9EB-230A36A14690}.Release|Any CPU.ActiveCfg = Release|Any CPU
		{D1721362-DB30-4AC3-A9EB-230A36A14690}.Release|Any CPU.Build.0 = Release|Any CPU
		{B4DD0F17-EE35-4284-BCCD-F3E4F25DD0A2}.Debug|Any CPU.ActiveCfg = Debug|Any CPU
		{B4DD0F17-EE35-4284-BCCD-F3E4F25DD0A2}.Debug|Any CPU.Build.0 = Debug|Any CPU
		{B4DD0F17-EE35-4284-BCCD-F3E4F25DD0A2}.Release|Any CPU.ActiveCfg = Release|Any CPU
		{B4DD0F17-EE35-4284-BCCD-F3E4F25DD0A2}.Release|Any CPU.Build.0 = Release|Any CPU
		{695AE629-76BB-4740-AF0E-624437B07952}.Debug|Any CPU.ActiveCfg = Debug|Any CPU
		{695AE629-76BB-4740-AF0E-624437B07952}.Debug|Any CPU.Build.0 = Debug|Any CPU
		{695AE629-76BB-4740-AF0E-624437B07952}.Release|Any CPU.ActiveCfg = Release|Any CPU
		{695AE629-76BB-4740-AF0E-624437B07952}.Release|Any CPU.Build.0 = Release|Any CPU
	EndGlobalSection
	GlobalSection(SolutionProperties) = preSolution
		HideSolutionNode = FALSE
	EndGlobalSection
	GlobalSection(NestedProjects) = preSolution
		{3C54B9EC-0986-4CF3-9016-279FE145D4EB} = {469F8336-09B3-45FA-9F0F-524B22A05109}
		{435ACA4A-3197-406F-8A6E-6437DFE7E3D3} = {469F8336-09B3-45FA-9F0F-524B22A05109}
		{8DFDDF6B-C122-4E4F-AE62-2E4FADE25CED} = {469F8336-09B3-45FA-9F0F-524B22A05109}
		{DC42AA2C-5D8C-41EE-8017-3C46DC1B28EC} = {469F8336-09B3-45FA-9F0F-524B22A05109}
		{98C4E90C-3FBA-409E-8334-73448FAB1D23} = {469F8336-09B3-45FA-9F0F-524B22A05109}
		{407F9B68-A492-4126-A7B0-F5C53DB7B2A1} = {469F8336-09B3-45FA-9F0F-524B22A05109}
	EndGlobalSection
EndGlobal
